// !$*UTF8*$!
{
	archiveVersion = 1;
	classes = {
	};
	objectVersion = 46;
	objects = {

/* Begin PBXBuildFile section */
		6A5EA9631E7BC20900BCEF8C /* AppDelegate.swift in Sources */ = {isa = PBXBuildFile; fileRef = 6A5EA9621E7BC20900BCEF8C /* AppDelegate.swift */; };
		6A5EA9651E7BC20900BCEF8C /* ViewController.swift in Sources */ = {isa = PBXBuildFile; fileRef = 6A5EA9641E7BC20900BCEF8C /* ViewController.swift */; };
		6A5EA96A1E7BC20900BCEF8C /* Assets.xcassets in Resources */ = {isa = PBXBuildFile; fileRef = 6A5EA9691E7BC20900BCEF8C /* Assets.xcassets */; };
		6A5EA96D1E7BC20900BCEF8C /* LaunchScreen.storyboard in Resources */ = {isa = PBXBuildFile; fileRef = 6A5EA96B1E7BC20900BCEF8C /* LaunchScreen.storyboard */; };
		6A5EA9781E7BC20900BCEF8C /* ContextLabelTests.swift in Sources */ = {isa = PBXBuildFile; fileRef = 6A5EA9771E7BC20900BCEF8C /* ContextLabelTests.swift */; };
		6A5EA9851E7BC31500BCEF8C /* ContextLabel.swift in Sources */ = {isa = PBXBuildFile; fileRef = 6A5EA9841E7BC31500BCEF8C /* ContextLabel.swift */; };
		6AEE5D001E894FA700DC85AB /* TableViewCell.swift in Sources */ = {isa = PBXBuildFile; fileRef = 6AEE5CFF1E894FA700DC85AB /* TableViewCell.swift */; };
/* End PBXBuildFile section */

/* Begin PBXContainerItemProxy section */
		6A5EA9741E7BC20900BCEF8C /* PBXContainerItemProxy */ = {
			isa = PBXContainerItemProxy;
			containerPortal = 6A5EA9571E7BC20900BCEF8C /* Project object */;
			proxyType = 1;
			remoteGlobalIDString = 6A5EA95E1E7BC20900BCEF8C;
			remoteInfo = ContextLabel;
		};
/* End PBXContainerItemProxy section */

/* Begin PBXFileReference section */
		6A5EA95F1E7BC20900BCEF8C /* ContextLabel.app */ = {isa = PBXFileReference; explicitFileType = wrapper.application; includeInIndex = 0; path = ContextLabel.app; sourceTree = BUILT_PRODUCTS_DIR; };
		6A5EA9621E7BC20900BCEF8C /* AppDelegate.swift */ = {isa = PBXFileReference; lastKnownFileType = sourcecode.swift; path = AppDelegate.swift; sourceTree = "<group>"; };
		6A5EA9641E7BC20900BCEF8C /* ViewController.swift */ = {isa = PBXFileReference; lastKnownFileType = sourcecode.swift; path = ViewController.swift; sourceTree = "<group>"; };
		6A5EA9691E7BC20900BCEF8C /* Assets.xcassets */ = {isa = PBXFileReference; lastKnownFileType = folder.assetcatalog; path = Assets.xcassets; sourceTree = "<group>"; };
		6A5EA96C1E7BC20900BCEF8C /* Base */ = {isa = PBXFileReference; lastKnownFileType = file.storyboard; name = Base; path = Base.lproj/LaunchScreen.storyboard; sourceTree = "<group>"; };
		6A5EA96E1E7BC20900BCEF8C /* Info.plist */ = {isa = PBXFileReference; lastKnownFileType = text.plist.xml; path = Info.plist; sourceTree = "<group>"; };
		6A5EA9731E7BC20900BCEF8C /* ContextLabelTests.xctest */ = {isa = PBXFileReference; explicitFileType = wrapper.cfbundle; includeInIndex = 0; path = ContextLabelTests.xctest; sourceTree = BUILT_PRODUCTS_DIR; };
		6A5EA9771E7BC20900BCEF8C /* ContextLabelTests.swift */ = {isa = PBXFileReference; lastKnownFileType = sourcecode.swift; path = ContextLabelTests.swift; sourceTree = "<group>"; };
		6A5EA9791E7BC20900BCEF8C /* Info.plist */ = {isa = PBXFileReference; lastKnownFileType = text.plist.xml; path = Info.plist; sourceTree = "<group>"; };
		6A5EA9841E7BC31500BCEF8C /* ContextLabel.swift */ = {isa = PBXFileReference; fileEncoding = 4; lastKnownFileType = sourcecode.swift; path = ContextLabel.swift; sourceTree = "<group>"; };
		6AEE5CFF1E894FA700DC85AB /* TableViewCell.swift */ = {isa = PBXFileReference; fileEncoding = 4; lastKnownFileType = sourcecode.swift; path = TableViewCell.swift; sourceTree = "<group>"; };
/* End PBXFileReference section */

/* Begin PBXFrameworksBuildPhase section */
		6A5EA95C1E7BC20900BCEF8C /* Frameworks */ = {
			isa = PBXFrameworksBuildPhase;
			buildActionMask = 2147483647;
			files = (
			);
			runOnlyForDeploymentPostprocessing = 0;
		};
		6A5EA9701E7BC20900BCEF8C /* Frameworks */ = {
			isa = PBXFrameworksBuildPhase;
			buildActionMask = 2147483647;
			files = (
			);
			runOnlyForDeploymentPostprocessing = 0;
		};
/* End PBXFrameworksBuildPhase section */

/* Begin PBXGroup section */
		6A5EA9561E7BC20900BCEF8C = {
			isa = PBXGroup;
			children = (
				6A5EA9611E7BC20900BCEF8C /* ContextLabel */,
				6A5EA9761E7BC20900BCEF8C /* ContextLabelTests */,
				6A5EA9601E7BC20900BCEF8C /* Products */,
			);
			sourceTree = "<group>";
		};
		6A5EA9601E7BC20900BCEF8C /* Products */ = {
			isa = PBXGroup;
			children = (
				6A5EA95F1E7BC20900BCEF8C /* ContextLabel.app */,
				6A5EA9731E7BC20900BCEF8C /* ContextLabelTests.xctest */,
			);
			name = Products;
			sourceTree = "<group>";
		};
		6A5EA9611E7BC20900BCEF8C /* ContextLabel */ = {
			isa = PBXGroup;
			children = (
				6A5EA9621E7BC20900BCEF8C /* AppDelegate.swift */,
				6A5EA9641E7BC20900BCEF8C /* ViewController.swift */,
				6AEE5CFF1E894FA700DC85AB /* TableViewCell.swift */,
				6A5EA9831E7BC31500BCEF8C /* Source */,
				6A5EA9821E7BC30800BCEF8C /* Support Files */,
			);
			path = ContextLabel;
			sourceTree = "<group>";
		};
		6A5EA9761E7BC20900BCEF8C /* ContextLabelTests */ = {
			isa = PBXGroup;
			children = (
				6A5EA9771E7BC20900BCEF8C /* ContextLabelTests.swift */,
				6A5EA9791E7BC20900BCEF8C /* Info.plist */,
			);
			path = ContextLabelTests;
			sourceTree = "<group>";
		};
		6A5EA9821E7BC30800BCEF8C /* Support Files */ = {
			isa = PBXGroup;
			children = (
				6A5EA9691E7BC20900BCEF8C /* Assets.xcassets */,
				6A5EA96B1E7BC20900BCEF8C /* LaunchScreen.storyboard */,
				6A5EA96E1E7BC20900BCEF8C /* Info.plist */,
			);
			name = "Support Files";
			sourceTree = "<group>";
		};
		6A5EA9831E7BC31500BCEF8C /* Source */ = {
			isa = PBXGroup;
			children = (
				6A5EA9841E7BC31500BCEF8C /* ContextLabel.swift */,
			);
			path = Source;
			sourceTree = SOURCE_ROOT;
		};
/* End PBXGroup section */

/* Begin PBXNativeTarget section */
		6A5EA95E1E7BC20900BCEF8C /* ContextLabel */ = {
			isa = PBXNativeTarget;
			buildConfigurationList = 6A5EA97C1E7BC20900BCEF8C /* Build configuration list for PBXNativeTarget "ContextLabel" */;
			buildPhases = (
				6A5EA95B1E7BC20900BCEF8C /* Sources */,
				6A5EA95C1E7BC20900BCEF8C /* Frameworks */,
				6A5EA95D1E7BC20900BCEF8C /* Resources */,
			);
			buildRules = (
			);
			dependencies = (
			);
			name = ContextLabel;
			productName = ContextLabel;
			productReference = 6A5EA95F1E7BC20900BCEF8C /* ContextLabel.app */;
			productType = "com.apple.product-type.application";
		};
		6A5EA9721E7BC20900BCEF8C /* ContextLabelTests */ = {
			isa = PBXNativeTarget;
			buildConfigurationList = 6A5EA97F1E7BC20900BCEF8C /* Build configuration list for PBXNativeTarget "ContextLabelTests" */;
			buildPhases = (
				6A5EA96F1E7BC20900BCEF8C /* Sources */,
				6A5EA9701E7BC20900BCEF8C /* Frameworks */,
				6A5EA9711E7BC20900BCEF8C /* Resources */,
			);
			buildRules = (
			);
			dependencies = (
				6A5EA9751E7BC20900BCEF8C /* PBXTargetDependency */,
			);
			name = ContextLabelTests;
			productName = ContextLabelTests;
			productReference = 6A5EA9731E7BC20900BCEF8C /* ContextLabelTests.xctest */;
			productType = "com.apple.product-type.bundle.unit-test";
		};
/* End PBXNativeTarget section */

/* Begin PBXProject section */
		6A5EA9571E7BC20900BCEF8C /* Project object */ = {
			isa = PBXProject;
			attributes = {
				LastSwiftUpdateCheck = 0820;
				LastUpgradeCheck = 0820;
				ORGANIZATIONNAME = Aplo;
				TargetAttributes = {
					6A5EA95E1E7BC20900BCEF8C = {
						CreatedOnToolsVersion = 8.2.1;
						DevelopmentTeam = 52EDKXLXY5;
						ProvisioningStyle = Automatic;
					};
					6A5EA9721E7BC20900BCEF8C = {
						CreatedOnToolsVersion = 8.2.1;
						DevelopmentTeam = 52EDKXLXY5;
						ProvisioningStyle = Automatic;
						TestTargetID = 6A5EA95E1E7BC20900BCEF8C;
					};
				};
			};
			buildConfigurationList = 6A5EA95A1E7BC20900BCEF8C /* Build configuration list for PBXProject "ContextLabel" */;
			compatibilityVersion = "Xcode 3.2";
			developmentRegion = English;
			hasScannedForEncodings = 0;
			knownRegions = (
				en,
				Base,
			);
			mainGroup = 6A5EA9561E7BC20900BCEF8C;
			productRefGroup = 6A5EA9601E7BC20900BCEF8C /* Products */;
			projectDirPath = "";
			projectRoot = "";
			targets = (
				6A5EA95E1E7BC20900BCEF8C /* ContextLabel */,
				6A5EA9721E7BC20900BCEF8C /* ContextLabelTests */,
			);
		};
/* End PBXProject section */

/* Begin PBXResourcesBuildPhase section */
		6A5EA95D1E7BC20900BCEF8C /* Resources */ = {
			isa = PBXResourcesBuildPhase;
			buildActionMask = 2147483647;
			files = (
				6A5EA96D1E7BC20900BCEF8C /* LaunchScreen.storyboard in Resources */,
				6A5EA96A1E7BC20900BCEF8C /* Assets.xcassets in Resources */,
			);
			runOnlyForDeploymentPostprocessing = 0;
		};
		6A5EA9711E7BC20900BCEF8C /* Resources */ = {
			isa = PBXResourcesBuildPhase;
			buildActionMask = 2147483647;
			files = (
			);
			runOnlyForDeploymentPostprocessing = 0;
		};
/* End PBXResourcesBuildPhase section */

/* Begin PBXSourcesBuildPhase section */
		6A5EA95B1E7BC20900BCEF8C /* Sources */ = {
			isa = PBXSourcesBuildPhase;
			buildActionMask = 2147483647;
			files = (
				6A5EA9651E7BC20900BCEF8C /* ViewController.swift in Sources */,
				6AEE5D001E894FA700DC85AB /* TableViewCell.swift in Sources */,
				6A5EA9851E7BC31500BCEF8C /* ContextLabel.swift in Sources */,
				6A5EA9631E7BC20900BCEF8C /* AppDelegate.swift in Sources */,
			);
			runOnlyForDeploymentPostprocessing = 0;
		};
		6A5EA96F1E7BC20900BCEF8C /* Sources */ = {
			isa = PBXSourcesBuildPhase;
			buildActionMask = 2147483647;
			files = (
				6A5EA9781E7BC20900BCEF8C /* ContextLabelTests.swift in Sources */,
			);
			runOnlyForDeploymentPostprocessing = 0;
		};
/* End PBXSourcesBuildPhase section */

/* Begin PBXTargetDependency section */
		6A5EA9751E7BC20900BCEF8C /* PBXTargetDependency */ = {
			isa = PBXTargetDependency;
			target = 6A5EA95E1E7BC20900BCEF8C /* ContextLabel */;
			targetProxy = 6A5EA9741E7BC20900BCEF8C /* PBXContainerItemProxy */;
		};
/* End PBXTargetDependency section */

/* Begin PBXVariantGroup section */
		6A5EA96B1E7BC20900BCEF8C /* LaunchScreen.storyboard */ = {
			isa = PBXVariantGroup;
			children = (
				6A5EA96C1E7BC20900BCEF8C /* Base */,
			);
			name = LaunchScreen.storyboard;
			sourceTree = "<group>";
		};
/* End PBXVariantGroup section */

/* Begin XCBuildConfiguration section */
		6A5EA97A1E7BC20900BCEF8C /* Debug */ = {
			isa = XCBuildConfiguration;
			buildSettings = {
				ALWAYS_SEARCH_USER_PATHS = NO;
				CLANG_ANALYZER_NONNULL = YES;
				CLANG_CXX_LANGUAGE_STANDARD = "gnu++0x";
				CLANG_CXX_LIBRARY = "libc++";
				CLANG_ENABLE_MODULES = YES;
				CLANG_ENABLE_OBJC_ARC = YES;
				CLANG_WARN_BOOL_CONVERSION = YES;
				CLANG_WARN_CONSTANT_CONVERSION = YES;
				CLANG_WARN_DIRECT_OBJC_ISA_USAGE = YES_ERROR;
				CLANG_WARN_DOCUMENTATION_COMMENTS = YES;
				CLANG_WARN_EMPTY_BODY = YES;
				CLANG_WARN_ENUM_CONVERSION = YES;
				CLANG_WARN_INFINITE_RECURSION = YES;
				CLANG_WARN_INT_CONVERSION = YES;
				CLANG_WARN_OBJC_ROOT_CLASS = YES_ERROR;
				CLANG_WARN_SUSPICIOUS_MOVE = YES;
				CLANG_WARN_UNREACHABLE_CODE = YES;
				CLANG_WARN__DUPLICATE_METHOD_MATCH = YES;
				"CODE_SIGN_IDENTITY[sdk=iphoneos*]" = "iPhone Developer";
				COPY_PHASE_STRIP = NO;
				DEBUG_INFORMATION_FORMAT = dwarf;
				ENABLE_STRICT_OBJC_MSGSEND = YES;
				ENABLE_TESTABILITY = YES;
				GCC_C_LANGUAGE_STANDARD = gnu99;
				GCC_DYNAMIC_NO_PIC = NO;
				GCC_NO_COMMON_BLOCKS = YES;
				GCC_OPTIMIZATION_LEVEL = 0;
				GCC_PREPROCESSOR_DEFINITIONS = (
					"DEBUG=1",
					"$(inherited)",
				);
				GCC_WARN_64_TO_32_BIT_CONVERSION = YES;
				GCC_WARN_ABOUT_RETURN_TYPE = YES_ERROR;
				GCC_WARN_UNDECLARED_SELECTOR = YES;
				GCC_WARN_UNINITIALIZED_AUTOS = YES_AGGRESSIVE;
				GCC_WARN_UNUSED_FUNCTION = YES;
				GCC_WARN_UNUSED_VARIABLE = YES;
				IPHONEOS_DEPLOYMENT_TARGET = 10.2;
				MTL_ENABLE_DEBUG_INFO = YES;
				ONLY_ACTIVE_ARCH = YES;
				SDKROOT = iphoneos;
				SWIFT_ACTIVE_COMPILATION_CONDITIONS = DEBUG;
				SWIFT_OPTIMIZATION_LEVEL = "-Onone";
				TARGETED_DEVICE_FAMILY = "1,2";
			};
			name = Debug;
		};
		6A5EA97B1E7BC20900BCEF8C /* Release */ = {
			isa = XCBuildConfiguration;
			buildSettings = {
				ALWAYS_SEARCH_USER_PATHS = NO;
				CLANG_ANALYZER_NONNULL = YES;
				CLANG_CXX_LANGUAGE_STANDARD = "gnu++0x";
				CLANG_CXX_LIBRARY = "libc++";
				CLANG_ENABLE_MODULES = YES;
				CLANG_ENABLE_OBJC_ARC = YES;
				CLANG_WARN_BOOL_CONVERSION = YES;
				CLANG_WARN_CONSTANT_CONVERSION = YES;
				CLANG_WARN_DIRECT_OBJC_ISA_USAGE = YES_ERROR;
				CLANG_WARN_DOCUMENTATION_COMMENTS = YES;
				CLANG_WARN_EMPTY_BODY = YES;
				CLANG_WARN_ENUM_CONVERSION = YES;
				CLANG_WARN_INFINITE_RECURSION = YES;
				CLANG_WARN_INT_CONVERSION = YES;
				CLANG_WARN_OBJC_ROOT_CLASS = YES_ERROR;
				CLANG_WARN_SUSPICIOUS_MOVE = YES;
				CLANG_WARN_UNREACHABLE_CODE = YES;
				CLANG_WARN__DUPLICATE_METHOD_MATCH = YES;
				"CODE_SIGN_IDENTITY[sdk=iphoneos*]" = "iPhone Developer";
				COPY_PHASE_STRIP = NO;
				DEBUG_INFORMATION_FORMAT = "dwarf-with-dsym";
				ENABLE_NS_ASSERTIONS = NO;
				ENABLE_STRICT_OBJC_MSGSEND = YES;
				GCC_C_LANGUAGE_STANDARD = gnu99;
				GCC_NO_COMMON_BLOCKS = YES;
				GCC_WARN_64_TO_32_BIT_CONVERSION = YES;
				GCC_WARN_ABOUT_RETURN_TYPE = YES_ERROR;
				GCC_WARN_UNDECLARED_SELECTOR = YES;
				GCC_WARN_UNINITIALIZED_AUTOS = YES_AGGRESSIVE;
				GCC_WARN_UNUSED_FUNCTION = YES;
				GCC_WARN_UNUSED_VARIABLE = YES;
				IPHONEOS_DEPLOYMENT_TARGET = 10.2;
				MTL_ENABLE_DEBUG_INFO = NO;
				SDKROOT = iphoneos;
				SWIFT_OPTIMIZATION_LEVEL = "-Owholemodule";
				TARGETED_DEVICE_FAMILY = "1,2";
				VALIDATE_PRODUCT = YES;
			};
			name = Release;
		};
		6A5EA97D1E7BC20900BCEF8C /* Debug */ = {
			isa = XCBuildConfiguration;
			buildSettings = {
				ASSETCATALOG_COMPILER_APPICON_NAME = AppIcon;
				DEVELOPMENT_TEAM = 52EDKXLXY5;
				INFOPLIST_FILE = ContextLabel/Info.plist;
				LD_RUNPATH_SEARCH_PATHS = "$(inherited) @executable_path/Frameworks";
				PRODUCT_BUNDLE_IDENTIFIER = com.aplo.ContextLabel;
				PRODUCT_NAME = "$(TARGET_NAME)";
				SWIFT_VERSION = 3.0;
			};
			name = Debug;
		};
		6A5EA97E1E7BC20900BCEF8C /* Release */ = {
			isa = XCBuildConfiguration;
			buildSettings = {
				ASSETCATALOG_COMPILER_APPICON_NAME = AppIcon;
				DEVELOPMENT_TEAM = 52EDKXLXY5;
				INFOPLIST_FILE = ContextLabel/Info.plist;
				LD_RUNPATH_SEARCH_PATHS = "$(inherited) @executable_path/Frameworks";
				PRODUCT_BUNDLE_IDENTIFIER = com.aplo.ContextLabel;
				PRODUCT_NAME = "$(TARGET_NAME)";
				SWIFT_VERSION = 3.0;
			};
			name = Release;
		};
		6A5EA9801E7BC20900BCEF8C /* Debug */ = {
			isa = XCBuildConfiguration;
			buildSettings = {
				ALWAYS_EMBED_SWIFT_STANDARD_LIBRARIES = YES;
				BUNDLE_LOADER = "$(TEST_HOST)";
				DEVELOPMENT_TEAM = 52EDKXLXY5;
				INFOPLIST_FILE = ContextLabelTests/Info.plist;
				LD_RUNPATH_SEARCH_PATHS = "$(inherited) @executable_path/Frameworks @loader_path/Frameworks";
				PRODUCT_BUNDLE_IDENTIFIER = com.aplo.ContextLabelTests;
				PRODUCT_NAME = "$(TARGET_NAME)";
				SWIFT_VERSION = 3.0;
				TEST_HOST = "$(BUILT_PRODUCTS_DIR)/ContextLabel.app/ContextLabel";
			};
			name = Debug;
		};
		6A5EA9811E7BC20900BCEF8C /* Release */ = {
			isa = XCBuildConfiguration;
			buildSettings = {
				ALWAYS_EMBED_SWIFT_STANDARD_LIBRARIES = YES;
				BUNDLE_LOADER = "$(TEST_HOST)";
				DEVELOPMENT_TEAM = 52EDKXLXY5;
				INFOPLIST_FILE = ContextLabelTests/Info.plist;
				LD_RUNPATH_SEARCH_PATHS = "$(inherited) @executable_path/Frameworks @loader_path/Frameworks";
				PRODUCT_BUNDLE_IDENTIFIER = com.aplo.ContextLabelTests;
				PRODUCT_NAME = "$(TARGET_NAME)";
				SWIFT_VERSION = 3.0;
				TEST_HOST = "$(BUILT_PRODUCTS_DIR)/ContextLabel.app/ContextLabel";
			};
			name = Release;
		};
/* End XCBuildConfiguration section */

/* Begin XCConfigurationList section */
		6A5EA95A1E7BC20900BCEF8C /* Build configuration list for PBXProject "ContextLabel" */ = {
			isa = XCConfigurationList;
			buildConfigurations = (
				6A5EA97A1E7BC20900BCEF8C /* Debug */,
				6A5EA97B1E7BC20900BCEF8C /* Release */,
			);
			defaultConfigurationIsVisible = 0;
			defaultConfigurationName = Release;
		};
		6A5EA97C1E7BC20900BCEF8C /* Build configuration list for PBXNativeTarget "ContextLabel" */ = {
			isa = XCConfigurationList;
			buildConfigurations = (
				6A5EA97D1E7BC20900BCEF8C /* Debug */,
				6A5EA97E1E7BC20900BCEF8C /* Release */,
			);
			defaultConfigurationIsVisible = 0;
			defaultConfigurationName = Release;
		};
		6A5EA97F1E7BC20900BCEF8C /* Build configuration list for PBXNativeTarget "ContextLabelTests" */ = {
			isa = XCConfigurationList;
			buildConfigurations = (
				6A5EA9801E7BC20900BCEF8C /* Debug */,
				6A5EA9811E7BC20900BCEF8C /* Release */,
			);
			defaultConfigurationIsVisible = 0;
			defaultConfigurationName = Release;
		};
/* End XCConfigurationList section */
	};
	rootObject = 6A5EA9571E7BC20900BCEF8C /* Project object */;
}
